
Microsoft Visual Studio Solution File, Format Version 12.00
# Visual Studio Version 16
VisualStudioVersion = 16.0.31515.178
MinimumVisualStudioVersion = 10.0.40219.1
Project("{FAE04EC0-301F-11D3-BF4B-00C04F79EFBC}") = "PizzaAPI", "PizzaAPI\PizzaAPI.csproj", "{415B8962-68C9-49BD-B43C-509F799270D2}"
EndProject
Global
	GlobalSection(SolutionConfigurationPlatforms) = preSolution
		Debug|Any CPU = Debug|Any CPU
		Release|Any CPU = Release|Any CPU
	EndGlobalSection
	GlobalSection(ProjectConfigurationPlatforms) = postSolution
		{415B8962-68C9-49BD-B43C-509F799270D2}.Debug|Any CPU.ActiveCfg = Debug|Any CPU
		{415B8962-68C9-49BD-B43C-509F799270D2}.Debug|Any CPU.Build.0 = Debug|Any CPU
		{415B8962-68C9-49BD-B43C-509F799270D2}.Release|Any CPU.ActiveCfg = Release|Any CPU
		{415B8962-68C9-49BD-B43C-509F799270D2}.Release|Any CPU.Build.0 = Release|Any CPU
	EndGlobalSection
	GlobalSection(SolutionProperties) = preSolution
		HideSolutionNode = FALSE
	EndGlobalSection
	GlobalSection(ExtensibilityGlobals) = postSolution
		SolutionGuid = {D3509319-138B-4F37-87F3-851C7F2C075C}
	EndGlobalSection
EndGlobal
